// !$*UTF8*$!
{
	archiveVersion = 1;
	classes = {
	};
	objectVersion = 56;
	objects = {

/* Begin PBXBuildFile section */
		075503BAEEA161CAC12C9F70 /* Pods_AppCenterDemo2_AppCenterDemo2UITests.framework in Frameworks */ = {isa = PBXBuildFile; fileRef = E2FC54C911BB8BD49E01539B /* Pods_AppCenterDemo2_AppCenterDemo2UITests.framework */; };
		3FD074813B3188AF63AF15A4 /* Pods_AppCenterDemo2Tests.framework in Frameworks */ = {isa = PBXBuildFile; fileRef = 25D750AFCEF64D946DBD1260 /* Pods_AppCenterDemo2Tests.framework */; };
		6BE9DDDF0968C42C75FCF9A9 /* Pods_AppCenterDemo2.framework in Frameworks */ = {isa = PBXBuildFile; fileRef = C0B9DF36900818B6C5B0FD41 /* Pods_AppCenterDemo2.framework */; };
		BE1EB8032BBDB8BB003482A8 /* AppDelegate.swift in Sources */ = {isa = PBXBuildFile; fileRef = BE1EB8022BBDB8BB003482A8 /* AppDelegate.swift */; };
		BE1EB8052BBDB8BC003482A8 /* SceneDelegate.swift in Sources */ = {isa = PBXBuildFile; fileRef = BE1EB8042BBDB8BC003482A8 /* SceneDelegate.swift */; };
		BE1EB8072BBDB8BC003482A8 /* ViewController.swift in Sources */ = {isa = PBXBuildFile; fileRef = BE1EB8062BBDB8BC003482A8 /* ViewController.swift */; };
		BE1EB80A2BBDB8BC003482A8 /* Main.storyboard in Resources */ = {isa = PBXBuildFile; fileRef = BE1EB8082BBDB8BC003482A8 /* Main.storyboard */; };
		BE1EB80C2BBDB8C0003482A8 /* Assets.xcassets in Resources */ = {isa = PBXBuildFile; fileRef = BE1EB80B2BBDB8C0003482A8 /* Assets.xcassets */; };
		BE1EB80F2BBDB8C0003482A8 /* LaunchScreen.storyboard in Resources */ = {isa = PBXBuildFile; fileRef = BE1EB80D2BBDB8C0003482A8 /* LaunchScreen.storyboard */; };
		BE1EB81A2BBDB8C0003482A8 /* AppCenterDemo2Tests.swift in Sources */ = {isa = PBXBuildFile; fileRef = BE1EB8192BBDB8C0003482A8 /* AppCenterDemo2Tests.swift */; };
		BE1EB8242BBDB8C0003482A8 /* AppCenterDemo2UITests.swift in Sources */ = {isa = PBXBuildFile; fileRef = BE1EB8232BBDB8C0003482A8 /* AppCenterDemo2UITests.swift */; };
		BE1EB8262BBDB8C0003482A8 /* AppCenterDemo2UITestsLaunchTests.swift in Sources */ = {isa = PBXBuildFile; fileRef = BE1EB8252BBDB8C0003482A8 /* AppCenterDemo2UITestsLaunchTests.swift */; };
/* End PBXBuildFile section */

/* Begin PBXContainerItemProxy section */
		BE1EB8162BBDB8C0003482A8 /* PBXContainerItemProxy */ = {
			isa = PBXContainerItemProxy;
			containerPortal = BE1EB7F72BBDB8BB003482A8 /* Project object */;
			proxyType = 1;
			remoteGlobalIDString = BE1EB7FE2BBDB8BB003482A8;
			remoteInfo = AppCenterDemo2;
		};
		BE1EB8202BBDB8C0003482A8 /* PBXContainerItemProxy */ = {
			isa = PBXContainerItemProxy;
			containerPortal = BE1EB7F72BBDB8BB003482A8 /* Project object */;
			proxyType = 1;
			remoteGlobalIDString = BE1EB7FE2BBDB8BB003482A8;
			remoteInfo = AppCenterDemo2;
		};
/* End PBXContainerItemProxy section */

/* Begin PBXFileReference section */
		2314B41E2E206E5A07FEC390 /* Pods-AppCenterDemo2Tests.debug.xcconfig */ = {isa = PBXFileReference; includeInIndex = 1; lastKnownFileType = text.xcconfig; name = "Pods-AppCenterDemo2Tests.debug.xcconfig"; path = "Target Support Files/Pods-AppCenterDemo2Tests/Pods-AppCenterDemo2Tests.debug.xcconfig"; sourceTree = "<group>"; };
		25D750AFCEF64D946DBD1260 /* Pods_AppCenterDemo2Tests.framework */ = {isa = PBXFileReference; explicitFileType = wrapper.framework; includeInIndex = 0; path = Pods_AppCenterDemo2Tests.framework; sourceTree = BUILT_PRODUCTS_DIR; };
		4CDB52BFDDA14C48FC2B368B /* Pods-AppCenterDemo2-AppCenterDemo2UITests.debug.xcconfig */ = {isa = PBXFileReference; includeInIndex = 1; lastKnownFileType = text.xcconfig; name = "Pods-AppCenterDemo2-AppCenterDemo2UITests.debug.xcconfig"; path = "Target Support Files/Pods-AppCenterDemo2-AppCenterDemo2UITests/Pods-AppCenterDemo2-AppCenterDemo2UITests.debug.xcconfig"; sourceTree = "<group>"; };
		6CDDEC1D0641B7370741987B /* Pods-AppCenterDemo2-AppCenterDemo2UITests.release.xcconfig */ = {isa = PBXFileReference; includeInIndex = 1; lastKnownFileType = text.xcconfig; name = "Pods-AppCenterDemo2-AppCenterDemo2UITests.release.xcconfig"; path = "Target Support Files/Pods-AppCenterDemo2-AppCenterDemo2UITests/Pods-AppCenterDemo2-AppCenterDemo2UITests.release.xcconfig"; sourceTree = "<group>"; };
		81BA8FA10EC5CA54F4CC930C /* Pods-AppCenterDemo2.release.xcconfig */ = {isa = PBXFileReference; includeInIndex = 1; lastKnownFileType = text.xcconfig; name = "Pods-AppCenterDemo2.release.xcconfig"; path = "Target Support Files/Pods-AppCenterDemo2/Pods-AppCenterDemo2.release.xcconfig"; sourceTree = "<group>"; };
		918346B218135D73C023FE74 /* Pods-AppCenterDemo2.debug.xcconfig */ = {isa = PBXFileReference; includeInIndex = 1; lastKnownFileType = text.xcconfig; name = "Pods-AppCenterDemo2.debug.xcconfig"; path = "Target Support Files/Pods-AppCenterDemo2/Pods-AppCenterDemo2.debug.xcconfig"; sourceTree = "<group>"; };
		BE1EB7FF2BBDB8BB003482A8 /* AppCenterDemo2.app */ = {isa = PBXFileReference; explicitFileType = wrapper.application; includeInIndex = 0; path = AppCenterDemo2.app; sourceTree = BUILT_PRODUCTS_DIR; };
		BE1EB8022BBDB8BB003482A8 /* AppDelegate.swift */ = {isa = PBXFileReference; lastKnownFileType = sourcecode.swift; path = AppDelegate.swift; sourceTree = "<group>"; };
		BE1EB8042BBDB8BC003482A8 /* SceneDelegate.swift */ = {isa = PBXFileReference; lastKnownFileType = sourcecode.swift; path = SceneDelegate.swift; sourceTree = "<group>"; };
		BE1EB8062BBDB8BC003482A8 /* ViewController.swift */ = {isa = PBXFileReference; lastKnownFileType = sourcecode.swift; path = ViewController.swift; sourceTree = "<group>"; };
		BE1EB8092BBDB8BC003482A8 /* Base */ = {isa = PBXFileReference; lastKnownFileType = file.storyboard; name = Base; path = Base.lproj/Main.storyboard; sourceTree = "<group>"; };
		BE1EB80B2BBDB8C0003482A8 /* Assets.xcassets */ = {isa = PBXFileReference; lastKnownFileType = folder.assetcatalog; path = Assets.xcassets; sourceTree = "<group>"; };
		BE1EB80E2BBDB8C0003482A8 /* Base */ = {isa = PBXFileReference; lastKnownFileType = file.storyboard; name = Base; path = Base.lproj/LaunchScreen.storyboard; sourceTree = "<group>"; };
		BE1EB8102BBDB8C0003482A8 /* Info.plist */ = {isa = PBXFileReference; lastKnownFileType = text.plist.xml; path = Info.plist; sourceTree = "<group>"; };
		BE1EB8152BBDB8C0003482A8 /* AppCenterDemo2Tests.xctest */ = {isa = PBXFileReference; explicitFileType = wrapper.cfbundle; includeInIndex = 0; path = AppCenterDemo2Tests.xctest; sourceTree = BUILT_PRODUCTS_DIR; };
		BE1EB8192BBDB8C0003482A8 /* AppCenterDemo2Tests.swift */ = {isa = PBXFileReference; lastKnownFileType = sourcecode.swift; path = AppCenterDemo2Tests.swift; sourceTree = "<group>"; };
		BE1EB81F2BBDB8C0003482A8 /* AppCenterDemo2UITests.xctest */ = {isa = PBXFileReference; explicitFileType = wrapper.cfbundle; includeInIndex = 0; path = AppCenterDemo2UITests.xctest; sourceTree = BUILT_PRODUCTS_DIR; };
		BE1EB8232BBDB8C0003482A8 /* AppCenterDemo2UITests.swift */ = {isa = PBXFileReference; lastKnownFileType = sourcecode.swift; path = AppCenterDemo2UITests.swift; sourceTree = "<group>"; };
		BE1EB8252BBDB8C0003482A8 /* AppCenterDemo2UITestsLaunchTests.swift */ = {isa = PBXFileReference; lastKnownFileType = sourcecode.swift; path = AppCenterDemo2UITestsLaunchTests.swift; sourceTree = "<group>"; };
		C0B9DF36900818B6C5B0FD41 /* Pods_AppCenterDemo2.framework */ = {isa = PBXFileReference; explicitFileType = wrapper.framework; includeInIndex = 0; path = Pods_AppCenterDemo2.framework; sourceTree = BUILT_PRODUCTS_DIR; };
		E2FC54C911BB8BD49E01539B /* Pods_AppCenterDemo2_AppCenterDemo2UITests.framework */ = {isa = PBXFileReference; explicitFileType = wrapper.framework; includeInIndex = 0; path = Pods_AppCenterDemo2_AppCenterDemo2UITests.framework; sourceTree = BUILT_PRODUCTS_DIR; };
		F0252BA2BD14A6AE2C2936EA /* Pods-AppCenterDemo2Tests.release.xcconfig */ = {isa = PBXFileReference; includeInIndex = 1; lastKnownFileType = text.xcconfig; name = "Pods-AppCenterDemo2Tests.release.xcconfig"; path = "Target Support Files/Pods-AppCenterDemo2Tests/Pods-AppCenterDemo2Tests.release.xcconfig"; sourceTree = "<group>"; };
/* End PBXFileReference section */

/* Begin PBXFrameworksBuildPhase section */
		BE1EB7FC2BBDB8BB003482A8 /* Frameworks */ = {
			isa = PBXFrameworksBuildPhase;
			buildActionMask = 2147483647;
			files = (
				6BE9DDDF0968C42C75FCF9A9 /* Pods_AppCenterDemo2.framework in Frameworks */,
			);
			runOnlyForDeploymentPostprocessing = 0;
		};
		BE1EB8122BBDB8C0003482A8 /* Frameworks */ = {
			isa = PBXFrameworksBuildPhase;
			buildActionMask = 2147483647;
			files = (
				3FD074813B3188AF63AF15A4 /* Pods_AppCenterDemo2Tests.framework in Frameworks */,
			);
			runOnlyForDeploymentPostprocessing = 0;
		};
		BE1EB81C2BBDB8C0003482A8 /* Frameworks */ = {
			isa = PBXFrameworksBuildPhase;
			buildActionMask = 2147483647;
			files = (
				075503BAEEA161CAC12C9F70 /* Pods_AppCenterDemo2_AppCenterDemo2UITests.framework in Frameworks */,
			);
			runOnlyForDeploymentPostprocessing = 0;
		};
/* End PBXFrameworksBuildPhase section */

/* Begin PBXGroup section */
		BCF1BCD465D0CB1BDC421D1B /* Pods */ = {
			isa = PBXGroup;
			children = (
				918346B218135D73C023FE74 /* Pods-AppCenterDemo2.debug.xcconfig */,
				81BA8FA10EC5CA54F4CC930C /* Pods-AppCenterDemo2.release.xcconfig */,
				4CDB52BFDDA14C48FC2B368B /* Pods-AppCenterDemo2-AppCenterDemo2UITests.debug.xcconfig */,
				6CDDEC1D0641B7370741987B /* Pods-AppCenterDemo2-AppCenterDemo2UITests.release.xcconfig */,
				2314B41E2E206E5A07FEC390 /* Pods-AppCenterDemo2Tests.debug.xcconfig */,
				F0252BA2BD14A6AE2C2936EA /* Pods-AppCenterDemo2Tests.release.xcconfig */,
			);
			name = Pods;
			path = Pods;
			sourceTree = "<group>";
		};
		BE1EB7F62BBDB8BB003482A8 = {
			isa = PBXGroup;
			children = (
				BE1EB8012BBDB8BB003482A8 /* AppCenterDemo2 */,
				BE1EB8182BBDB8C0003482A8 /* AppCenterDemo2Tests */,
				BE1EB8222BBDB8C0003482A8 /* AppCenterDemo2UITests */,
				BE1EB8002BBDB8BB003482A8 /* Products */,
				BCF1BCD465D0CB1BDC421D1B /* Pods */,
				FBD378B25EB28C899F5BFE31 /* Frameworks */,
			);
			sourceTree = "<group>";
		};
		BE1EB8002BBDB8BB003482A8 /* Products */ = {
			isa = PBXGroup;
			children = (
				BE1EB7FF2BBDB8BB003482A8 /* AppCenterDemo2.app */,
				BE1EB8152BBDB8C0003482A8 /* AppCenterDemo2Tests.xctest */,
				BE1EB81F2BBDB8C0003482A8 /* AppCenterDemo2UITests.xctest */,
			);
			name = Products;
			sourceTree = "<group>";
		};
		BE1EB8012BBDB8BB003482A8 /* AppCenterDemo2 */ = {
			isa = PBXGroup;
			children = (
				BE1EB8022BBDB8BB003482A8 /* AppDelegate.swift */,
				BE1EB8042BBDB8BC003482A8 /* SceneDelegate.swift */,
				BE1EB8062BBDB8BC003482A8 /* ViewController.swift */,
				BE1EB8082BBDB8BC003482A8 /* Main.storyboard */,
				BE1EB80B2BBDB8C0003482A8 /* Assets.xcassets */,
				BE1EB80D2BBDB8C0003482A8 /* LaunchScreen.storyboard */,
				BE1EB8102BBDB8C0003482A8 /* Info.plist */,
			);
			path = AppCenterDemo2;
			sourceTree = "<group>";
		};
		BE1EB8182BBDB8C0003482A8 /* AppCenterDemo2Tests */ = {
			isa = PBXGroup;
			children = (
				BE1EB8192BBDB8C0003482A8 /* AppCenterDemo2Tests.swift */,
			);
			path = AppCenterDemo2Tests;
			sourceTree = "<group>";
		};
		BE1EB8222BBDB8C0003482A8 /* AppCenterDemo2UITests */ = {
			isa = PBXGroup;
			children = (
				BE1EB8232BBDB8C0003482A8 /* AppCenterDemo2UITests.swift */,
				BE1EB8252BBDB8C0003482A8 /* AppCenterDemo2UITestsLaunchTests.swift */,
			);
			path = AppCenterDemo2UITests;
			sourceTree = "<group>";
		};
		FBD378B25EB28C899F5BFE31 /* Frameworks */ = {
			isa = PBXGroup;
			children = (
				C0B9DF36900818B6C5B0FD41 /* Pods_AppCenterDemo2.framework */,
				E2FC54C911BB8BD49E01539B /* Pods_AppCenterDemo2_AppCenterDemo2UITests.framework */,
				25D750AFCEF64D946DBD1260 /* Pods_AppCenterDemo2Tests.framework */,
			);
			name = Frameworks;
			sourceTree = "<group>";
		};
/* End PBXGroup section */

/* Begin PBXNativeTarget section */
		BE1EB7FE2BBDB8BB003482A8 /* AppCenterDemo2 */ = {
			isa = PBXNativeTarget;
			buildConfigurationList = BE1EB8292BBDB8C0003482A8 /* Build configuration list for PBXNativeTarget "AppCenterDemo2" */;
			buildPhases = (
				6471427A1C14B1D5F208B933 /* [CP] Check Pods Manifest.lock */,
				BE1EB7FB2BBDB8BB003482A8 /* Sources */,
				BE1EB7FC2BBDB8BB003482A8 /* Frameworks */,
				BE1EB7FD2BBDB8BB003482A8 /* Resources */,
			);
			buildRules = (
			);
			dependencies = (
			);
			name = AppCenterDemo2;
			productName = AppCenterDemo2;
			productReference = BE1EB7FF2BBDB8BB003482A8 /* AppCenterDemo2.app */;
			productType = "com.apple.product-type.application";
		};
		BE1EB8142BBDB8C0003482A8 /* AppCenterDemo2Tests */ = {
			isa = PBXNativeTarget;
			buildConfigurationList = BE1EB82C2BBDB8C0003482A8 /* Build configuration list for PBXNativeTarget "AppCenterDemo2Tests" */;
			buildPhases = (
				421EB0190A522D4FBB2F1F58 /* [CP] Check Pods Manifest.lock */,
				BE1EB8112BBDB8C0003482A8 /* Sources */,
				BE1EB8122BBDB8C0003482A8 /* Frameworks */,
				BE1EB8132BBDB8C0003482A8 /* Resources */,
			);
			buildRules = (
			);
			dependencies = (
				BE1EB8172BBDB8C0003482A8 /* PBXTargetDependency */,
			);
			name = AppCenterDemo2Tests;
			productName = AppCenterDemo2Tests;
			productReference = BE1EB8152BBDB8C0003482A8 /* AppCenterDemo2Tests.xctest */;
			productType = "com.apple.product-type.bundle.unit-test";
		};
		BE1EB81E2BBDB8C0003482A8 /* AppCenterDemo2UITests */ = {
			isa = PBXNativeTarget;
			buildConfigurationList = BE1EB82F2BBDB8C0003482A8 /* Build configuration list for PBXNativeTarget "AppCenterDemo2UITests" */;
			buildPhases = (
				F8327942BF312821B1BB7719 /* [CP] Check Pods Manifest.lock */,
				BE1EB81B2BBDB8C0003482A8 /* Sources */,
				BE1EB81C2BBDB8C0003482A8 /* Frameworks */,
				BE1EB81D2BBDB8C0003482A8 /* Resources */,
			);
			buildRules = (
			);
			dependencies = (
				BE1EB8212BBDB8C0003482A8 /* PBXTargetDependency */,
			);
			name = AppCenterDemo2UITests;
			productName = AppCenterDemo2UITests;
			productReference = BE1EB81F2BBDB8C0003482A8 /* AppCenterDemo2UITests.xctest */;
			productType = "com.apple.product-type.bundle.ui-testing";
		};
/* End PBXNativeTarget section */

/* Begin PBXProject section */
		BE1EB7F72BBDB8BB003482A8 /* Project object */ = {
			isa = PBXProject;
			attributes = {
				BuildIndependentTargetsInParallel = 1;
				LastSwiftUpdateCheck = 1420;
				LastUpgradeCheck = 1420;
				TargetAttributes = {
					BE1EB7FE2BBDB8BB003482A8 = {
						CreatedOnToolsVersion = 14.2;
					};
					BE1EB8142BBDB8C0003482A8 = {
						CreatedOnToolsVersion = 14.2;
						TestTargetID = BE1EB7FE2BBDB8BB003482A8;
					};
					BE1EB81E2BBDB8C0003482A8 = {
						CreatedOnToolsVersion = 14.2;
						TestTargetID = BE1EB7FE2BBDB8BB003482A8;
					};
				};
			};
			buildConfigurationList = BE1EB7FA2BBDB8BB003482A8 /* Build configuration list for PBXProject "AppCenterDemo2" */;
			compatibilityVersion = "Xcode 14.0";
			developmentRegion = en;
			hasScannedForEncodings = 0;
			knownRegions = (
				en,
				Base,
			);
			mainGroup = BE1EB7F62BBDB8BB003482A8;
			productRefGroup = BE1EB8002BBDB8BB003482A8 /* Products */;
			projectDirPath = "";
			projectRoot = "";
			targets = (
				BE1EB7FE2BBDB8BB003482A8 /* AppCenterDemo2 */,
				BE1EB8142BBDB8C0003482A8 /* AppCenterDemo2Tests */,
				BE1EB81E2BBDB8C0003482A8 /* AppCenterDemo2UITests */,
			);
		};
/* End PBXProject section */

/* Begin PBXResourcesBuildPhase section */
		BE1EB7FD2BBDB8BB003482A8 /* Resources */ = {
			isa = PBXResourcesBuildPhase;
			buildActionMask = 2147483647;
			files = (
				BE1EB80F2BBDB8C0003482A8 /* LaunchScreen.storyboard in Resources */,
				BE1EB80C2BBDB8C0003482A8 /* Assets.xcassets in Resources */,
				BE1EB80A2BBDB8BC003482A8 /* Main.storyboard in Resources */,
			);
			runOnlyForDeploymentPostprocessing = 0;
		};
		BE1EB8132BBDB8C0003482A8 /* Resources */ = {
			isa = PBXResourcesBuildPhase;
			buildActionMask = 2147483647;
			files = (
			);
			runOnlyForDeploymentPostprocessing = 0;
		};
		BE1EB81D2BBDB8C0003482A8 /* Resources */ = {
			isa = PBXResourcesBuildPhase;
			buildActionMask = 2147483647;
			files = (
			);
			runOnlyForDeploymentPostprocessing = 0;
		};
/* End PBXResourcesBuildPhase section */

/* Begin PBXShellScriptBuildPhase section */
		421EB0190A522D4FBB2F1F58 /* [CP] Check Pods Manifest.lock */ = {
			isa = PBXShellScriptBuildPhase;
			buildActionMask = 2147483647;
			files = (
			);
			inputFileListPaths = (
			);
			inputPaths = (
				"${PODS_PODFILE_DIR_PATH}/Podfile.lock",
				"${PODS_ROOT}/Manifest.lock",
			);
			name = "[CP] Check Pods Manifest.lock";
			outputFileListPaths = (
			);
			outputPaths = (
				"$(DERIVED_FILE_DIR)/Pods-AppCenterDemo2Tests-checkManifestLockResult.txt",
			);
			runOnlyForDeploymentPostprocessing = 0;
			shellPath = /bin/sh;
			shellScript = "diff \"${PODS_PODFILE_DIR_PATH}/Podfile.lock\" \"${PODS_ROOT}/Manifest.lock\" > /dev/null\nif [ $? != 0 ] ; then\n    # print error to STDERR\n    echo \"error: The sandbox is not in sync with the Podfile.lock. Run 'pod install' or update your CocoaPods installation.\" >&2\n    exit 1\nfi\n# This output is used by Xcode 'outputs' to avoid re-running this script phase.\necho \"SUCCESS\" > \"${SCRIPT_OUTPUT_FILE_0}\"\n";
			showEnvVarsInLog = 0;
		};
		6471427A1C14B1D5F208B933 /* [CP] Check Pods Manifest.lock */ = {
			isa = PBXShellScriptBuildPhase;
			buildActionMask = 2147483647;
			files = (
			);
			inputFileListPaths = (
			);
			inputPaths = (
				"${PODS_PODFILE_DIR_PATH}/Podfile.lock",
				"${PODS_ROOT}/Manifest.lock",
			);
			name = "[CP] Check Pods Manifest.lock";
			outputFileListPaths = (
			);
			outputPaths = (
				"$(DERIVED_FILE_DIR)/Pods-AppCenterDemo2-checkManifestLockResult.txt",
			);
			runOnlyForDeploymentPostprocessing = 0;
			shellPath = /bin/sh;
			shellScript = "diff \"${PODS_PODFILE_DIR_PATH}/Podfile.lock\" \"${PODS_ROOT}/Manifest.lock\" > /dev/null\nif [ $? != 0 ] ; then\n    # print error to STDERR\n    echo \"error: The sandbox is not in sync with the Podfile.lock. Run 'pod install' or update your CocoaPods installation.\" >&2\n    exit 1\nfi\n# This output is used by Xcode 'outputs' to avoid re-running this script phase.\necho \"SUCCESS\" > \"${SCRIPT_OUTPUT_FILE_0}\"\n";
			showEnvVarsInLog = 0;
		};
		F8327942BF312821B1BB7719 /* [CP] Check Pods Manifest.lock */ = {
			isa = PBXShellScriptBuildPhase;
			buildActionMask = 2147483647;
			files = (
			);
			inputFileListPaths = (
			);
			inputPaths = (
				"${PODS_PODFILE_DIR_PATH}/Podfile.lock",
				"${PODS_ROOT}/Manifest.lock",
			);
			name = "[CP] Check Pods Manifest.lock";
			outputFileListPaths = (
			);
			outputPaths = (
				"$(DERIVED_FILE_DIR)/Pods-AppCenterDemo2-AppCenterDemo2UITests-checkManifestLockResult.txt",
			);
			runOnlyForDeploymentPostprocessing = 0;
			shellPath = /bin/sh;
			shellScript = "diff \"${PODS_PODFILE_DIR_PATH}/Podfile.lock\" \"${PODS_ROOT}/Manifest.lock\" > /dev/null\nif [ $? != 0 ] ; then\n    # print error to STDERR\n    echo \"error: The sandbox is not in sync with the Podfile.lock. Run 'pod install' or update your CocoaPods installation.\" >&2\n    exit 1\nfi\n# This output is used by Xcode 'outputs' to avoid re-running this script phase.\necho \"SUCCESS\" > \"${SCRIPT_OUTPUT_FILE_0}\"\n";
			showEnvVarsInLog = 0;
		};
/* End PBXShellScriptBuildPhase section */

/* Begin PBXSourcesBuildPhase section */
		BE1EB7FB2BBDB8BB003482A8 /* Sources */ = {
			isa = PBXSourcesBuildPhase;
			buildActionMask = 2147483647;
			files = (
				BE1EB8072BBDB8BC003482A8 /* ViewController.swift in Sources */,
				BE1EB8032BBDB8BB003482A8 /* AppDelegate.swift in Sources */,
				BE1EB8052BBDB8BC003482A8 /* SceneDelegate.swift in Sources */,
			);
			runOnlyForDeploymentPostprocessing = 0;
		};
		BE1EB8112BBDB8C0003482A8 /* Sources */ = {
			isa = PBXSourcesBuildPhase;
			buildActionMask = 2147483647;
			files = (
				BE1EB81A2BBDB8C0003482A8 /* AppCenterDemo2Tests.swift in Sources */,
			);
			runOnlyForDeploymentPostprocessing = 0;
		};
		BE1EB81B2BBDB8C0003482A8 /* Sources */ = {
			isa = PBXSourcesBuildPhase;
			buildActionMask = 2147483647;
			files = (
				BE1EB8242BBDB8C0003482A8 /* AppCenterDemo2UITests.swift in Sources */,
				BE1EB8262BBDB8C0003482A8 /* AppCenterDemo2UITestsLaunchTests.swift in Sources */,
			);
			runOnlyForDeploymentPostprocessing = 0;
		};
/* End PBXSourcesBuildPhase section */

/* Begin PBXTargetDependency section */
		BE1EB8172BBDB8C0003482A8 /* PBXTargetDependency */ = {
			isa = PBXTargetDependency;
			target = BE1EB7FE2BBDB8BB003482A8 /* AppCenterDemo2 */;
			targetProxy = BE1EB8162BBDB8C0003482A8 /* PBXContainerItemProxy */;
		};
		BE1EB8212BBDB8C0003482A8 /* PBXTargetDependency */ = {
			isa = PBXTargetDependency;
			target = BE1EB7FE2BBDB8BB003482A8 /* AppCenterDemo2 */;
			targetProxy = BE1EB8202BBDB8C0003482A8 /* PBXContainerItemProxy */;
		};
/* End PBXTargetDependency section */

/* Begin PBXVariantGroup section */
		BE1EB8082BBDB8BC003482A8 /* Main.storyboard */ = {
			isa = PBXVariantGroup;
			children = (
				BE1EB8092BBDB8BC003482A8 /* Base */,
			);
			name = Main.storyboard;
			sourceTree = "<group>";
		};
		BE1EB80D2BBDB8C0003482A8 /* LaunchScreen.storyboard */ = {
			isa = PBXVariantGroup;
			children = (
				BE1EB80E2BBDB8C0003482A8 /* Base */,
			);
			name = LaunchScreen.storyboard;
			sourceTree = "<group>";
		};
/* End PBXVariantGroup section */

/* Begin XCBuildConfiguration section */
		BE1EB8272BBDB8C0003482A8 /* Debug */ = {
			isa = XCBuildConfiguration;
			buildSettings = {
				ALWAYS_SEARCH_USER_PATHS = NO;
				CLANG_ANALYZER_NONNULL = YES;
				CLANG_ANALYZER_NUMBER_OBJECT_CONVERSION = YES_AGGRESSIVE;
				CLANG_CXX_LANGUAGE_STANDARD = "gnu++20";
				CLANG_ENABLE_MODULES = YES;
				CLANG_ENABLE_OBJC_ARC = YES;
				CLANG_ENABLE_OBJC_WEAK = YES;
				CLANG_WARN_BLOCK_CAPTURE_AUTORELEASING = YES;
				CLANG_WARN_BOOL_CONVERSION = YES;
				CLANG_WARN_COMMA = YES;
				CLANG_WARN_CONSTANT_CONVERSION = YES;
				CLANG_WARN_DEPRECATED_OBJC_IMPLEMENTATIONS = YES;
				CLANG_WARN_DIRECT_OBJC_ISA_USAGE = YES_ERROR;
				CLANG_WARN_DOCUMENTATION_COMMENTS = YES;
				CLANG_WARN_EMPTY_BODY = YES;
				CLANG_WARN_ENUM_CONVERSION = YES;
				CLANG_WARN_INFINITE_RECURSION = YES;
				CLANG_WARN_INT_CONVERSION = YES;
				CLANG_WARN_NON_LITERAL_NULL_CONVERSION = YES;
				CLANG_WARN_OBJC_IMPLICIT_RETAIN_SELF = YES;
				CLANG_WARN_OBJC_LITERAL_CONVERSION = YES;
				CLANG_WARN_OBJC_ROOT_CLASS = YES_ERROR;
				CLANG_WARN_QUOTED_INCLUDE_IN_FRAMEWORK_HEADER = YES;
				CLANG_WARN_RANGE_LOOP_ANALYSIS = YES;
				CLANG_WARN_STRICT_PROTOTYPES = YES;
				CLANG_WARN_SUSPICIOUS_MOVE = YES;
				CLANG_WARN_UNGUARDED_AVAILABILITY = YES_AGGRESSIVE;
				CLANG_WARN_UNREACHABLE_CODE = YES;
				CLANG_WARN__DUPLICATE_METHOD_MATCH = YES;
				COPY_PHASE_STRIP = NO;
				DEBUG_INFORMATION_FORMAT = "dwarf-with-dsym";
				ENABLE_STRICT_OBJC_MSGSEND = YES;
				ENABLE_TESTABILITY = YES;
				GCC_C_LANGUAGE_STANDARD = gnu11;
				GCC_DYNAMIC_NO_PIC = NO;
				GCC_NO_COMMON_BLOCKS = YES;
				GCC_OPTIMIZATION_LEVEL = 0;
				GCC_PREPROCESSOR_DEFINITIONS = (
					"DEBUG=1",
					"$(inherited)",
				);
				GCC_WARN_64_TO_32_BIT_CONVERSION = YES;
				GCC_WARN_ABOUT_RETURN_TYPE = YES_ERROR;
				GCC_WARN_UNDECLARED_SELECTOR = YES;
				GCC_WARN_UNINITIALIZED_AUTOS = YES_AGGRESSIVE;
				GCC_WARN_UNUSED_FUNCTION = YES;
				GCC_WARN_UNUSED_VARIABLE = YES;
				IPHONEOS_DEPLOYMENT_TARGET = 16.2;
				MTL_ENABLE_DEBUG_INFO = INCLUDE_SOURCE;
				MTL_FAST_MATH = YES;
				ONLY_ACTIVE_ARCH = YES;
				SDKROOT = iphoneos;
				SWIFT_ACTIVE_COMPILATION_CONDITIONS = DEBUG;
				SWIFT_OPTIMIZATION_LEVEL = "-Onone";
			};
			name = Debug;
		};
		BE1EB8282BBDB8C0003482A8 /* Release */ = {
			isa = XCBuildConfiguration;
			buildSettings = {
				ALWAYS_SEARCH_USER_PATHS = NO;
				CLANG_ANALYZER_NONNULL = YES;
				CLANG_ANALYZER_NUMBER_OBJECT_CONVERSION = YES_AGGRESSIVE;
				CLANG_CXX_LANGUAGE_STANDARD = "gnu++20";
				CLANG_ENABLE_MODULES = YES;
				CLANG_ENABLE_OBJC_ARC = YES;
				CLANG_ENABLE_OBJC_WEAK = YES;
				CLANG_WARN_BLOCK_CAPTURE_AUTORELEASING = YES;
				CLANG_WARN_BOOL_CONVERSION = YES;
				CLANG_WARN_COMMA = YES;
				CLANG_WARN_CONSTANT_CONVERSION = YES;
				CLANG_WARN_DEPRECATED_OBJC_IMPLEMENTATIONS = YES;
				CLANG_WARN_DIRECT_OBJC_ISA_USAGE = YES_ERROR;
				CLANG_WARN_DOCUMENTATION_COMMENTS = YES;
				CLANG_WARN_EMPTY_BODY = YES;
				CLANG_WARN_ENUM_CONVERSION = YES;
				CLANG_WARN_INFINITE_RECURSION = YES;
				CLANG_WARN_INT_CONVERSION = YES;
				CLANG_WARN_NON_LITERAL_NULL_CONVERSION = YES;
				CLANG_WARN_OBJC_IMPLICIT_RETAIN_SELF = YES;
				CLANG_WARN_OBJC_LITERAL_CONVERSION = YES;
				CLANG_WARN_OBJC_ROOT_CLASS = YES_ERROR;
				CLANG_WARN_QUOTED_INCLUDE_IN_FRAMEWORK_HEADER = YES;
				CLANG_WARN_RANGE_LOOP_ANALYSIS = YES;
				CLANG_WARN_STRICT_PROTOTYPES = YES;
				CLANG_WARN_SUSPICIOUS_MOVE = YES;
				CLANG_WARN_UNGUARDED_AVAILABILITY = YES_AGGRESSIVE;
				CLANG_WARN_UNREACHABLE_CODE = YES;
				CLANG_WARN__DUPLICATE_METHOD_MATCH = YES;
				COPY_PHASE_STRIP = NO;
				DEBUG_INFORMATION_FORMAT = "dwarf-with-dsym";
				ENABLE_NS_ASSERTIONS = NO;
				ENABLE_STRICT_OBJC_MSGSEND = YES;
				GCC_C_LANGUAGE_STANDARD = gnu11;
				GCC_NO_COMMON_BLOCKS = YES;
				GCC_WARN_64_TO_32_BIT_CONVERSION = YES;
				GCC_WARN_ABOUT_RETURN_TYPE = YES_ERROR;
				GCC_WARN_UNDECLARED_SELECTOR = YES;
				GCC_WARN_UNINITIALIZED_AUTOS = YES_AGGRESSIVE;
				GCC_WARN_UNUSED_FUNCTION = YES;
				GCC_WARN_UNUSED_VARIABLE = YES;
				IPHONEOS_DEPLOYMENT_TARGET = 16.2;
				MTL_ENABLE_DEBUG_INFO = NO;
				MTL_FAST_MATH = YES;
				SDKROOT = iphoneos;
				SWIFT_COMPILATION_MODE = wholemodule;
				SWIFT_OPTIMIZATION_LEVEL = "-O";
				VALIDATE_PRODUCT = YES;
			};
			name = Release;
		};
		BE1EB82A2BBDB8C0003482A8 /* Debug */ = {
			isa = XCBuildConfiguration;
			baseConfigurationReference = 918346B218135D73C023FE74 /* Pods-AppCenterDemo2.debug.xcconfig */;
			buildSettings = {
				ASSETCATALOG_COMPILER_APPICON_NAME = AppIcon;
				ASSETCATALOG_COMPILER_GLOBAL_ACCENT_COLOR_NAME = AccentColor;
				CODE_SIGN_STYLE = Automatic;
				CURRENT_PROJECT_VERSION = 1;
				DEVELOPMENT_TEAM = XW9T242VLK;
				GENERATE_INFOPLIST_FILE = YES;
				INFOPLIST_FILE = AppCenterDemo2/Info.plist;
				INFOPLIST_KEY_UIApplicationSupportsIndirectInputEvents = YES;
				INFOPLIST_KEY_UILaunchStoryboardName = LaunchScreen;
				INFOPLIST_KEY_UIMainStoryboardFile = Main;
				INFOPLIST_KEY_UISupportedInterfaceOrientations_iPad = "UIInterfaceOrientationPortrait UIInterfaceOrientationPortraitUpsideDown UIInterfaceOrientationLandscapeLeft UIInterfaceOrientationLandscapeRight";
				INFOPLIST_KEY_UISupportedInterfaceOrientations_iPhone = "UIInterfaceOrientationPortrait UIInterfaceOrientationLandscapeLeft UIInterfaceOrientationLandscapeRight";
				LD_RUNPATH_SEARCH_PATHS = (
					"$(inherited)",
					"@executable_path/Frameworks",
				);
				MARKETING_VERSION = 1.0;
				PRODUCT_BUNDLE_IDENTIFIER = com.harungunes.AppCenterDemo2;
				PRODUCT_NAME = "$(TARGET_NAME)";
				SWIFT_EMIT_LOC_STRINGS = YES;
				SWIFT_VERSION = 5.0;
				TARGETED_DEVICE_FAMILY = "1,2";
			};
			name = Debug;
		};
		BE1EB82B2BBDB8C0003482A8 /* Release */ = {
			isa = XCBuildConfiguration;
			baseConfigurationReference = 81BA8FA10EC5CA54F4CC930C /* Pods-AppCenterDemo2.release.xcconfig */;
			buildSettings = {
				ASSETCATALOG_COMPILER_APPICON_NAME = AppIcon;
				ASSETCATALOG_COMPILER_GLOBAL_ACCENT_COLOR_NAME = AccentColor;
				CODE_SIGN_STYLE = Automatic;
				CURRENT_PROJECT_VERSION = 1;
				DEVELOPMENT_TEAM = XW9T242VLK;
				GENERATE_INFOPLIST_FILE = YES;
				INFOPLIST_FILE = AppCenterDemo2/Info.plist;
				INFOPLIST_KEY_UIApplicationSupportsIndirectInputEvents = YES;
				INFOPLIST_KEY_UILaunchStoryboardName = LaunchScreen;
				INFOPLIST_KEY_UIMainStoryboardFile = Main;
				INFOPLIST_KEY_UISupportedInterfaceOrientations_iPad = "UIInterfaceOrientationPortrait UIInterfaceOrientationPortraitUpsideDown UIInterfaceOrientationLandscapeLeft UIInterfaceOrientationLandscapeRight";
				INFOPLIST_KEY_UISupportedInterfaceOrientations_iPhone = "UIInterfaceOrientationPortrait UIInterfaceOrientationLandscapeLeft UIInterfaceOrientationLandscapeRight";
				LD_RUNPATH_SEARCH_PATHS = (
					"$(inherited)",
					"@executable_path/Frameworks",
				);
				MARKETING_VERSION = 1.0;
				PRODUCT_BUNDLE_IDENTIFIER = com.harungunes.AppCenterDemo2;
				PRODUCT_NAME = "$(TARGET_NAME)";
				SWIFT_EMIT_LOC_STRINGS = YES;
				SWIFT_VERSION = 5.0;
				TARGETED_DEVICE_FAMILY = "1,2";
			};
			name = Release;
		};
		BE1EB82D2BBDB8C0003482A8 /* Debug */ = {
			isa = XCBuildConfiguration;
			baseConfigurationReference = 2314B41E2E206E5A07FEC390 /* Pods-AppCenterDemo2Tests.debug.xcconfig */;
			buildSettings = {
				ALWAYS_EMBED_SWIFT_STANDARD_LIBRARIES = YES;
				BUNDLE_LOADER = "$(TEST_HOST)";
				CODE_SIGN_STYLE = Automatic;
				CURRENT_PROJECT_VERSION = 1;
				DEVELOPMENT_TEAM = XW9T242VLK;
				GENERATE_INFOPLIST_FILE = YES;
				IPHONEOS_DEPLOYMENT_TARGET = 16.2;
				MARKETING_VERSION = 1.0;
				PRODUCT_BUNDLE_IDENTIFIER = com.harungunes.AppCenterDemo2Tests;
				PRODUCT_NAME = "$(TARGET_NAME)";
				SWIFT_EMIT_LOC_STRINGS = NO;
				SWIFT_VERSION = 5.0;
				TARGETED_DEVICE_FAMILY = "1,2";
				TEST_HOST = "$(BUILT_PRODUCTS_DIR)/AppCenterDemo2.app/$(BUNDLE_EXECUTABLE_FOLDER_PATH)/AppCenterDemo2";
			};
			name = Debug;
		};
		BE1EB82E2BBDB8C0003482A8 /* Release */ = {
			isa = XCBuildConfiguration;
			baseConfigurationReference = F0252BA2BD14A6AE2C2936EA /* Pods-AppCenterDemo2Tests.release.xcconfig */;
			buildSettings = {
				ALWAYS_EMBED_SWIFT_STANDARD_LIBRARIES = YES;
				BUNDLE_LOADER = "$(TEST_HOST)";
				CODE_SIGN_STYLE = Automatic;
				CURRENT_PROJECT_VERSION = 1;
				DEVELOPMENT_TEAM = XW9T242VLK;
				GENERATE_INFOPLIST_FILE = YES;
				IPHONEOS_DEPLOYMENT_TARGET = 16.2;
				MARKETING_VERSION = 1.0;
				PRODUCT_BUNDLE_IDENTIFIER = com.harungunes.AppCenterDemo2Tests;
				PRODUCT_NAME = "$(TARGET_NAME)";
				SWIFT_EMIT_LOC_STRINGS = NO;
				SWIFT_VERSION = 5.0;
				TARGETED_DEVICE_FAMILY = "1,2";
				TEST_HOST = "$(BUILT_PRODUCTS_DIR)/AppCenterDemo2.app/$(BUNDLE_EXECUTABLE_FOLDER_PATH)/AppCenterDemo2";
			};
			name = Release;
		};
		BE1EB8302BBDB8C0003482A8 /* Debug */ = {
			isa = XCBuildConfiguration;
			baseConfigurationReference = 4CDB52BFDDA14C48FC2B368B /* Pods-AppCenterDemo2-AppCenterDemo2UITests.debug.xcconfig */;
			buildSettings = {
				ALWAYS_EMBED_SWIFT_STANDARD_LIBRARIES = YES;
				CODE_SIGN_STYLE = Automatic;
				CURRENT_PROJECT_VERSION = 1;
				DEVELOPMENT_TEAM = XW9T242VLK;
				GENERATE_INFOPLIST_FILE = YES;
				MARKETING_VERSION = 1.0;
				PRODUCT_BUNDLE_IDENTIFIER = com.harungunes.AppCenterDemo2UITests;
				PRODUCT_NAME = "$(TARGET_NAME)";
				SWIFT_EMIT_LOC_STRINGS = NO;
				SWIFT_VERSION = 5.0;
				TARGETED_DEVICE_FAMILY = "1,2";
				TEST_TARGET_NAME = AppCenterDemo2;
			};
			name = Debug;
		};
		BE1EB8312BBDB8C0003482A8 /* Release */ = {
			isa = XCBuildConfiguration;
			baseConfigurationReference = 6CDDEC1D0641B7370741987B /* Pods-AppCenterDemo2-AppCenterDemo2UITests.release.xcconfig */;
			buildSettings = {
				ALWAYS_EMBED_SWIFT_STANDARD_LIBRARIES = YES;
				CODE_SIGN_STYLE = Automatic;
				CURRENT_PROJECT_VERSION = 1;
				DEVELOPMENT_TEAM = XW9T242VLK;
				GENERATE_INFOPLIST_FILE = YES;
				MARKETING_VERSION = 1.0;
				PRODUCT_BUNDLE_IDENTIFIER = com.harungunes.AppCenterDemo2UITests;
				PRODUCT_NAME = "$(TARGET_NAME)";
				SWIFT_EMIT_LOC_STRINGS = NO;
				SWIFT_VERSION = 5.0;
				TARGETED_DEVICE_FAMILY = "1,2";
				TEST_TARGET_NAME = AppCenterDemo2;
			};
			name = Release;
		};
/* End XCBuildConfiguration section */

/* Begin XCConfigurationList section */
		BE1EB7FA2BBDB8BB003482A8 /* Build configuration list for PBXProject "AppCenterDemo2" */ = {
			isa = XCConfigurationList;
			buildConfigurations = (
				BE1EB8272BBDB8C0003482A8 /* Debug */,
				BE1EB8282BBDB8C0003482A8 /* Release */,
			);
			defaultConfigurationIsVisible = 0;
			defaultConfigurationName = Release;
		};
		BE1EB8292BBDB8C0003482A8 /* Build configuration list for PBXNativeTarget "AppCenterDemo2" */ = {
			isa = XCConfigurationList;
			buildConfigurations = (
				BE1EB82A2BBDB8C0003482A8 /* Debug */,
				BE1EB82B2BBDB8C0003482A8 /* Release */,
			);
			defaultConfigurationIsVisible = 0;
			defaultConfigurationName = Release;
		};
		BE1EB82C2BBDB8C0003482A8 /* Build configuration list for PBXNativeTarget "AppCenterDemo2Tests" */ = {
			isa = XCConfigurationList;
			buildConfigurations = (
				BE1EB82D2BBDB8C0003482A8 /* Debug */,
				BE1EB82E2BBDB8C0003482A8 /* Release */,
			);
			defaultConfigurationIsVisible = 0;
			defaultConfigurationName = Release;
		};
		BE1EB82F2BBDB8C0003482A8 /* Build configuration list for PBXNativeTarget "AppCenterDemo2UITests" */ = {
			isa = XCConfigurationList;
			buildConfigurations = (
				BE1EB8302BBDB8C0003482A8 /* Debug */,
				BE1EB8312BBDB8C0003482A8 /* Release */,
			);
			defaultConfigurationIsVisible = 0;
			defaultConfigurationName = Release;
		};
/* End XCConfigurationList section */
	};
	rootObject = BE1EB7F72BBDB8BB003482A8 /* Project object */;
}
